dependencies:
- name: mongodb
  repository: oci://registry-1.docker.io/bitnamicharts
  version: 18.1.10
- name: redis
  repository: oci://registry-1.docker.io/bitnamicharts
  version: 24.0.0
- name: redis-cluster
  repository: oci://registry-1.docker.io/bitnamicharts
  version: 12.0.4
digest: sha256:2973706ecf262b6f4049c00ea188e2570a3f1a5c747e41818a126d4818b79535
generated: "2026-05-23T01:00:36.435080155+05:30"
